
Microsoft Visual Studio Solution File, Format Version 12.00
# Visual Studio Version 17
VisualStudioVersion = 17.3.32819.101
MinimumVisualStudioVersion = 10.0.40219.1
Project("{FAE04EC0-301F-11D3-BF4B-00C04F79EFBC}") = "RG ComboBox", "RG ComboBox\RG ComboBox.csproj", "{2E27670F-B93A-47CA-89F8-6DDA58C2F671}"
EndProject
Global
	GlobalSection(SolutionConfigurationPlatforms) = preSolution
		Debug|Any CPU = Debug|Any CPU
		Release|Any CPU = Release|Any CPU
	EndGlobalSection
	GlobalSection(ProjectConfigurationPlatforms) = postSolution
		{2E27670F-B93A-47CA-89F8-6DDA58C2F671}.Debug|Any CPU.ActiveCfg = Debug|Any CPU
		{2E27670F-B93A-47CA-89F8-6DDA58C2F671}.Debug|Any CPU.Build.0 = Debug|Any CPU
		{2E27670F-B93A-47CA-89F8-6DDA58C2F671}.Release|Any CPU.ActiveCfg = Release|Any CPU
		{2E27670F-B93A-47CA-89F8-6DDA58C2F671}.Release|Any CPU.Build.0 = Release|Any CPU
	EndGlobalSection
	GlobalSection(SolutionProperties) = preSolution
		HideSolutionNode = FALSE
	EndGlobalSection
	GlobalSection(ExtensibilityGlobals) = postSolution
		SolutionGuid = {D25C471B-D4CE-44D4-BC1E-3B744500B4D2}
	EndGlobalSection
EndGlobal
